
Microsoft Visual Studio Solution File, Format Version 12.00
# Visual Studio Version 17
VisualStudioVersion = 17.13.35913.81 d17.13
MinimumVisualStudioVersion = 10.0.40219.1
Project("{FAE04EC0-301F-11D3-BF4B-00C04F79EFBC}") = "TechStore.Web", "TechStore.Web.csproj", "{0AFD2703-AC29-403E-B18A-B434CB357E80}"
EndProject
Project("{2150E333-8FDC-42A3-9474-1A3956D46DE8}") = "Data", "Data", "{02EA681E-C7D8-13C7-8484-4AC65E1B71E8}"
EndProject
Project("{2150E333-8FDC-42A3-9474-1A3956D46DE8}") = "Services", "Services", "{60947623-416A-47F1-AD02-6528450DE5EE}"
EndProject
Project("{2150E333-8FDC-42A3-9474-1A3956D46DE8}") = "Web", "Web", "{90C1C477-1BE4-4FD8-9D08-94961DCC115D}"
EndProject
Project("{FAE04EC0-301F-11D3-BF4B-00C04F79EFBC}") = "TechStore.GCommon", "..\TechStore.GCommon\TechStore.GCommon.csproj", "{90DDF8A6-9ED4-46F9-BEA7-5780E8E10307}"
EndProject
Project("{FAE04EC0-301F-11D3-BF4B-00C04F79EFBC}") = "TechStore.Data", "..\TechStore.Data\TechStore.Data.csproj", "{3CA4346B-9357-453F-995C-34EF4B283BA5}"
EndProject
Project("{FAE04EC0-301F-11D3-BF4B-00C04F79EFBC}") = "TechStore.Data.Models", "..\TechStore.Data.Models\TechStore.Data.Models.csproj", "{AE81BE01-6A7A-40F1-B894-877D48A30098}"
EndProject
Project("{FAE04EC0-301F-11D3-BF4B-00C04F79EFBC}") = "TechStore.Services.Core", "..\TechStore.Services.Core\TechStore.Services.Core.csproj", "{0DB9E05F-5A1C-44AA-94B9-75534315AFA8}"
EndProject
Project("{FAE04EC0-301F-11D3-BF4B-00C04F79EFBC}") = "TechStore.Web.ViewModels", "..\TechStore.Web.ViewModels\TechStore.Web.ViewModels.csproj", "{D1A0CF59-E5C5-4CB8-8B1F-890BE2C4816E}"
EndProject
Project("{FAE04EC0-301F-11D3-BF4B-00C04F79EFBC}") = "TechStore.Data.Common", "..\TechStore.Data.Common\TechStore.Data.Common.csproj", "{D5FD38FB-9EA5-4E6A-A68D-E54AA5F35367}"
EndProject
Global
	GlobalSection(SolutionConfigurationPlatforms) = preSolution
		Debug|Any CPU = Debug|Any CPU
		Release|Any CPU = Release|Any CPU
	EndGlobalSection
	GlobalSection(ProjectConfigurationPlatforms) = postSolution
		{0AFD2703-AC29-403E-B18A-B434CB357E80}.Debug|Any CPU.ActiveCfg = Debug|Any CPU
		{0AFD2703-AC29-403E-B18A-B434CB357E80}.Debug|Any CPU.Build.0 = Debug|Any CPU
		{0AFD2703-AC29-403E-B18A-B434CB357E80}.Release|Any CPU.ActiveCfg = Release|Any CPU
		{0AFD2703-AC29-403E-B18A-B434CB357E80}.Release|Any CPU.Build.0 = Release|Any CPU
		{90DDF8A6-9ED4-46F9-BEA7-5780E8E10307}.Debug|Any CPU.ActiveCfg = Debug|Any CPU
		{90DDF8A6-9ED4-46F9-BEA7-5780E8E10307}.Debug|Any CPU.Build.0 = Debug|Any CPU
		{90DDF8A6-9ED4-46F9-BEA7-5780E8E10307}.Release|Any CPU.ActiveCfg = Release|Any CPU
		{90DDF8A6-9ED4-46F9-BEA7-5780E8E10307}.Release|Any CPU.Build.0 = Release|Any CPU
		{3CA4346B-9357-453F-995C-34EF4B283BA5}.Debug|Any CPU.ActiveCfg = Debug|Any CPU
		{3CA4346B-9357-453F-995C-34EF4B283BA5}.Debug|Any CPU.Build.0 = Debug|Any CPU
		{3CA4346B-9357-453F-995C-34EF4B283BA5}.Release|Any CPU.ActiveCfg = Release|Any CPU
		{3CA4346B-9357-453F-995C-34EF4B283BA5}.Release|Any CPU.Build.0 = Release|Any CPU
		{AE81BE01-6A7A-40F1-B894-877D48A30098}.Debug|Any CPU.ActiveCfg = Debug|Any CPU
		{AE81BE01-6A7A-40F1-B894-877D48A30098}.Debug|Any CPU.Build.0 = Debug|Any CPU
		{AE81BE01-6A7A-40F1-B894-877D48A30098}.Release|Any CPU.ActiveCfg = Release|Any CPU
		{AE81BE01-6A7A-40F1-B894-877D48A30098}.Release|Any CPU.Build.0 = Release|Any CPU
		{0DB9E05F-5A1C-44AA-94B9-75534315AFA8}.Debug|Any CPU.ActiveCfg = Debug|Any CPU
		{0DB9E05F-5A1C-44AA-94B9-75534315AFA8}.Debug|Any CPU.Build.0 = Debug|Any CPU
		{0DB9E05F-5A1C-44AA-94B9-75534315AFA8}.Release|Any CPU.ActiveCfg = Release|Any CPU
		{0DB9E05F-5A1C-44AA-94B9-75534315AFA8}.Release|Any CPU.Build.0 = Release|Any CPU
		{D1A0CF59-E5C5-4CB8-8B1F-890BE2C4816E}.Debug|Any CPU.ActiveCfg = Debug|Any CPU
		{D1A0CF59-E5C5-4CB8-8B1F-890BE2C4816E}.Debug|Any CPU.Build.0 = Debug|Any CPU
		{D1A0CF59-E5C5-4CB8-8B1F-890BE2C4816E}.Release|Any CPU.ActiveCfg = Release|Any CPU
		{D1A0CF59-E5C5-4CB8-8B1F-890BE2C4816E}.Release|Any CPU.Build.0 = Release|Any CPU
		{D5FD38FB-9EA5-4E6A-A68D-E54AA5F35367}.Debug|Any CPU.ActiveCfg = Debug|Any CPU
		{D5FD38FB-9EA5-4E6A-A68D-E54AA5F35367}.Debug|Any CPU.Build.0 = Debug|Any CPU
		{D5FD38FB-9EA5-4E6A-A68D-E54AA5F35367}.Release|Any CPU.ActiveCfg = Release|Any CPU
		{D5FD38FB-9EA5-4E6A-A68D-E54AA5F35367}.Release|Any CPU.Build.0 = Release|Any CPU
	EndGlobalSection
	GlobalSection(SolutionProperties) = preSolution
		HideSolutionNode = FALSE
	EndGlobalSection
	GlobalSection(NestedProjects) = preSolution
		{0AFD2703-AC29-403E-B18A-B434CB357E80} = {90C1C477-1BE4-4FD8-9D08-94961DCC115D}
		{3CA4346B-9357-453F-995C-34EF4B283BA5} = {02EA681E-C7D8-13C7-8484-4AC65E1B71E8}
		{AE81BE01-6A7A-40F1-B894-877D48A30098} = {02EA681E-C7D8-13C7-8484-4AC65E1B71E8}
		{0DB9E05F-5A1C-44AA-94B9-75534315AFA8} = {60947623-416A-47F1-AD02-6528450DE5EE}
		{D1A0CF59-E5C5-4CB8-8B1F-890BE2C4816E} = {90C1C477-1BE4-4FD8-9D08-94961DCC115D}
		{D5FD38FB-9EA5-4E6A-A68D-E54AA5F35367} = {02EA681E-C7D8-13C7-8484-4AC65E1B71E8}
	EndGlobalSection
	GlobalSection(ExtensibilityGlobals) = postSolution
		SolutionGuid = {27624AF0-9671-40CE-A508-3B6D3A9C675A}
	EndGlobalSection
EndGlobal
